version = 1
revision = 2
requires-python = ">=3.13"

[[package]]
name = "aiofiles"
version = "25.1.0"
source = { registry = "https://mirrors.aliyun.com/pypi/simple/" }
sdist = { url = "https://mirrors.aliyun.com/pypi/packages/41/c3/534eac40372d8ee36ef40df62ec129bee4fdb5ad9706e58a29be53b2c970/aiofiles-25.1.0.tar.gz", hash = "sha256:a8d728f0a29de45dc521f18f07297428d56992a742f0cd2701ba86e44d23d5b2" }
wheels = [
    { url = "https://mirrors.aliyun.com/pypi/packages/bc/8a/340a1555ae33d7354dbca4faa54948d76d89a27ceef032c8c3bc661d003e/aiofiles-25.1.0-py3-none-any.whl", hash = "sha256:abe311e527c862958650f9438e859c1fa7568a141b22abcd015e120e86a85695" },
]

[[package]]
name = "beautifulsoup4"
version = "4.14.3"
source = { registry = "https://mirrors.aliyun.com/pypi/simple/" }
dependencies = [
    { name = "soupsieve" },
    { name = "typing-extensions" },
]
sdist = { url = "https://mirrors.aliyun.com/pypi/packages/c3/b0/1c6a16426d389813b48d95e26898aff79abbde42ad353958ad95cc8c9b21/beautifulsoup4-4.14.3.tar.gz", hash = "sha256:6292b1c5186d356bba669ef9f7f051757099565ad9ada5dd630bd9de5fa7fb86" }
wheels = [
    { url = "https://mirrors.aliyun.com/pypi/packages/1a/39/47f9197bdd44df24d67ac8893641e16f386c984a0619ef2ee4c51fbbc019/beautifulsoup4-4.14.3-py3-none-any.whl", hash = "sha256:0918bfe44902e6ad8d57732ba310582e98da931428d231a5ecb9e7c703a735bb" },
]

[[package]]
name = "chardet"
version = "5.2.0"
source = { registry = "https://mirrors.aliyun.com/pypi/simple/" }
sdist = { url = "https://mirrors.aliyun.com/pypi/packages/f3/0d/f7b6ab21ec75897ed80c17d79b15951a719226b9fababf1e40ea74d69079/chardet-5.2.0.tar.gz", hash = "sha256:1b3b6ff479a8c414bc3fa2c0852995695c4a026dcd6d0633b2dd092ca39c1cf7" }
wheels = [
    { url = "https://mirrors.aliyun.com/pypi/packages/38/6f/f5fbc992a329ee4e0f288c1fe0e2ad9485ed064cac731ed2fe47dcc38cbf/chardet-5.2.0-py3-none-any.whl", hash = "sha256:e1cf59446890a00105fe7b7912492ea04b6e6f06d4b742b2c788469e34c82970" },
]

[[package]]
name = "chm-converter-skill"
version = "0.1.0"
source = { virtual = "." }
dependencies = [
    { name = "aiofiles" },
    { name = "beautifulsoup4" },
    { name = "chardet" },
    { name = "html2text" },
    { name = "py7zip" },
]

[package.metadata]
requires-dist = [
    { name = "aiofiles", specifier = ">=25.1.0" },
    { name = "beautifulsoup4", specifier = ">=4.14.3" },
    { name = "chardet", specifier = ">=5.2.0" },
    { name = "html2text", specifier = ">=2025.4.15" },
    { name = "py7zip", specifier = ">=0.6.2" },
]

[[package]]
name = "html2text"
version = "2025.4.15"
source = { registry = "https://mirrors.aliyun.com/pypi/simple/" }
sdist = { url = "https://mirrors.aliyun.com/pypi/packages/f8/27/e158d86ba1e82967cc2f790b0cb02030d4a8bef58e0c79a8590e9678107f/html2text-2025.4.15.tar.gz", hash = "sha256:948a645f8f0bc3abe7fd587019a2197a12436cd73d0d4908af95bfc8da337588" }
wheels = [
    { url = "https://mirrors.aliyun.com/pypi/packages/1d/84/1a0f9555fd5f2b1c924ff932d99b40a0f8a6b12f6dd625e2a47f415b00ea/html2text-2025.4.15-py3-none-any.whl", hash = "sha256:00569167ffdab3d7767a4cdf589b7f57e777a5ed28d12907d8c58769ec734acc" },
]

[[package]]
name = "py7zip"
version = "0.6.2"
source = { registry = "https://mirrors.aliyun.com/pypi/simple/" }
sdist = { url = "https://mirrors.aliyun.com/pypi/packages/09/6a/8a0ce7fc160d1d6a332e9bbe3599d276793dbe095a469959afa2c8b1a4ab/py7zip-0.6.2.tar.gz", hash = "sha256:ca0f81b3eb4367fc4d54959eecad01d7155cc06db84a52fbcec685ec6dfd68d6" }
wheels = [
    { url = "https://mirrors.aliyun.com/pypi/packages/ad/17/4deec662b6a69c44069f79a577710771c6d3682bdf113b74f5b97e38c255/py7zip-0.6.2-py3-none-any.whl", hash = "sha256:96fe1afa78be19255ffb302393f4a04ed66b0daabd3f50e51437617d1cfc009b" },
]

[[package]]
name = "soupsieve"
version = "2.8.3"
source = { registry = "https://mirrors.aliyun.com/pypi/simple/" }
sdist = { url = "https://mirrors.aliyun.com/pypi/packages/7b/ae/2d9c981590ed9999a0d91755b47fc74f74de286b0f5cee14c9269041e6c4/soupsieve-2.8.3.tar.gz", hash = "sha256:3267f1eeea4251fb42728b6dfb746edc9acaffc4a45b27e19450b676586e8349" }
wheels = [
    { url = "https://mirrors.aliyun.com/pypi/packages/46/2c/1462b1d0a634697ae9e55b3cecdcb64788e8b7d63f54d923fcd0bb140aed/soupsieve-2.8.3-py3-none-any.whl", hash = "sha256:ed64f2ba4eebeab06cc4962affce381647455978ffc1e36bb79a545b91f45a95" },
]

[[package]]
name = "typing-extensions"
version = "4.15.0"
source = { registry = "https://mirrors.aliyun.com/pypi/simple/" }
sdist = { url = "https://mirrors.aliyun.com/pypi/packages/72/94/1a15dd82efb362ac84269196e94cf00f187f7ed21c242792a923cdb1c61f/typing_extensions-4.15.0.tar.gz", hash = "sha256:0cea48d173cc12fa28ecabc3b837ea3cf6f38c6d1136f85cbaaf598984861466" }
wheels = [
    { url = "https://mirrors.aliyun.com/pypi/packages/18/67/36e9267722cc04a6b9f15c7f3441c2363321a3ea07da7ae0c0707beb2a9c/typing_extensions-4.15.0-py3-none-any.whl", hash = "sha256:f0fa19c6845758ab08074a0cfa8b7aecb71c999ca73d62883bc25cc018c4e548" },
]
